
Microsoft Visual Studio Solution File, Format Version 12.00
# Visual Studio Version 17
VisualStudioVersion = 17.6.33829.357
MinimumVisualStudioVersion = 10.0.40219.1
Project("{8BC9CEB8-8B4A-11D0-8D11-00A0C91BC942}") = "Assignment4_BruceBolden_TylerGehring", "Assignment4_BruceBolden_TylerGehring.vcxproj", "{139D0E68-3617-434F-B2A7-0743E918D28A}"
EndProject
Global
	GlobalSection(SolutionConfigurationPlatforms) = preSolution
		Debug|x64 = Debug|x64
		Debug|x86 = Debug|x86
		Release|x64 = Release|x64
		Release|x86 = Release|x86
	EndGlobalSection
	GlobalSection(ProjectConfigurationPlatforms) = postSolution
		{139D0E68-3617-434F-B2A7-0743E918D28A}.Debug|x64.ActiveCfg = Debug|x64
		{139D0E68-3617-434F-B2A7-0743E918D28A}.Debug|x64.Build.0 = Debug|x64
		{139D0E68-3617-434F-B2A7-0743E918D28A}.Debug|x86.ActiveCfg = Debug|Win32
		{139D0E68-3617-434F-B2A7-0743E918D28A}.Debug|x86.Build.0 = Debug|Win32
		{139D0E68-3617-434F-B2A7-0743E918D28A}.Release|x64.ActiveCfg = Release|x64
		{139D0E68-3617-434F-B2A7-0743E918D28A}.Release|x64.Build.0 = Release|x64
		{139D0E68-3617-434F-B2A7-0743E918D28A}.Release|x86.ActiveCfg = Release|Win32
		{139D0E68-3617-434F-B2A7-0743E918D28A}.Release|x86.Build.0 = Release|Win32
	EndGlobalSection
	GlobalSection(SolutionProperties) = preSolution
		HideSolutionNode = FALSE
	EndGlobalSection
	GlobalSection(ExtensibilityGlobals) = postSolution
		SolutionGuid = {C26DF596-CE4B-4ECC-B1DD-C6F5EA8FA22E}
	EndGlobalSection
EndGlobal
